
Microsoft Visual Studio Solution File, Format Version 12.00
# Visual Studio Version 17
VisualStudioVersion = 17.9.34607.119
MinimumVisualStudioVersion = 10.0.40219.1
Project("{FAE04EC0-301F-11D3-BF4B-00C04F79EFBC}") = "clubMemberIndexer", "clubMemberIndexer.csproj", "{03B0EAF2-F8BA-4519-B1B7-7384FB058637}"
EndProject
Global
	GlobalSection(SolutionConfigurationPlatforms) = preSolution
		Debug|Any CPU = Debug|Any CPU
		Release|Any CPU = Release|Any CPU
	EndGlobalSection
	GlobalSection(ProjectConfigurationPlatforms) = postSolution
		{03B0EAF2-F8BA-4519-B1B7-7384FB058637}.Debug|Any CPU.ActiveCfg = Debug|Any CPU
		{03B0EAF2-F8BA-4519-B1B7-7384FB058637}.Debug|Any CPU.Build.0 = Debug|Any CPU
		{03B0EAF2-F8BA-4519-B1B7-7384FB058637}.Release|Any CPU.ActiveCfg = Release|Any CPU
		{03B0EAF2-F8BA-4519-B1B7-7384FB058637}.Release|Any CPU.Build.0 = Release|Any CPU
	EndGlobalSection
	GlobalSection(SolutionProperties) = preSolution
		HideSolutionNode = FALSE
	EndGlobalSection
	GlobalSection(ExtensibilityGlobals) = postSolution
		SolutionGuid = {65E1F41D-14B6-431A-B15B-37ED3ED15D4E}
	EndGlobalSection
EndGlobal
